
Microsoft Visual Studio Solution File, Format Version 12.00
# Visual Studio Version 16
VisualStudioVersion = 16.0.31605.320
MinimumVisualStudioVersion = 10.0.40219.1
Project("{FAE04EC0-301F-11D3-BF4B-00C04F79EFBC}") = "SemTrFinance", "SemTrFinance\SemTrFinance.csproj", "{313CA77B-8197-4374-98F0-E81933203DBF}"
EndProject
Global
	GlobalSection(SolutionConfigurationPlatforms) = preSolution
		Debug|Any CPU = Debug|Any CPU
		Release|Any CPU = Release|Any CPU
	EndGlobalSection
	GlobalSection(ProjectConfigurationPlatforms) = postSolution
		{313CA77B-8197-4374-98F0-E81933203DBF}.Debug|Any CPU.ActiveCfg = Debug|Any CPU
		{313CA77B-8197-4374-98F0-E81933203DBF}.Debug|Any CPU.Build.0 = Debug|Any CPU
		{313CA77B-8197-4374-98F0-E81933203DBF}.Release|Any CPU.ActiveCfg = Release|Any CPU
		{313CA77B-8197-4374-98F0-E81933203DBF}.Release|Any CPU.Build.0 = Release|Any CPU
	EndGlobalSection
	GlobalSection(SolutionProperties) = preSolution
		HideSolutionNode = FALSE
	EndGlobalSection
	GlobalSection(ExtensibilityGlobals) = postSolution
		SolutionGuid = {BF0AEB03-3237-499D-B8A5-5F4FD9558020}
	EndGlobalSection
EndGlobal
